
Microsoft Visual Studio Solution File, Format Version 12.00
# Visual Studio Version 17
VisualStudioVersion = 17.11.35312.102
MinimumVisualStudioVersion = 10.0.40219.1
Project("{FAE04EC0-301F-11D3-BF4B-00C04F79EFBC}") = "AccountManagement.API", "AccountManagement.API\AccountManagement.API.csproj", "{EDEAC140-2C03-4ECC-BC9C-C14AD92F1281}"
EndProject
Project("{FAE04EC0-301F-11D3-BF4B-00C04F79EFBC}") = "AccountManagement.Domain", "AccountManagement.Domain\AccountManagement.Domain.csproj", "{D23D9D68-91B5-4ECA-A5F1-83591992F230}"
EndProject
Project("{FAE04EC0-301F-11D3-BF4B-00C04F79EFBC}") = "AccountManagement.Application", "AccountManagement.Application\AccountManagement.Application.csproj", "{EC00EE4A-322F-4D08-A166-49CA29402EDF}"
EndProject
Project("{FAE04EC0-301F-11D3-BF4B-00C04F79EFBC}") = "AccountManagement.Infrastructure", "AccountManagement.Infrastructure\AccountManagement.Infrastructure.csproj", "{FC9D739E-52E4-43A8-9ECC-79C18D4D9E65}"
EndProject
Global
	GlobalSection(SolutionConfigurationPlatforms) = preSolution
		Debug|Any CPU = Debug|Any CPU
		Release|Any CPU = Release|Any CPU
	EndGlobalSection
	GlobalSection(ProjectConfigurationPlatforms) = postSolution
		{EDEAC140-2C03-4ECC-BC9C-C14AD92F1281}.Debug|Any CPU.ActiveCfg = Debug|Any CPU
		{EDEAC140-2C03-4ECC-BC9C-C14AD92F1281}.Debug|Any CPU.Build.0 = Debug|Any CPU
		{EDEAC140-2C03-4ECC-BC9C-C14AD92F1281}.Release|Any CPU.ActiveCfg = Release|Any CPU
		{EDEAC140-2C03-4ECC-BC9C-C14AD92F1281}.Release|Any CPU.Build.0 = Release|Any CPU
		{D23D9D68-91B5-4ECA-A5F1-83591992F230}.Debug|Any CPU.ActiveCfg = Debug|Any CPU
		{D23D9D68-91B5-4ECA-A5F1-83591992F230}.Debug|Any CPU.Build.0 = Debug|Any CPU
		{D23D9D68-91B5-4ECA-A5F1-83591992F230}.Release|Any CPU.ActiveCfg = Release|Any CPU
		{D23D9D68-91B5-4ECA-A5F1-83591992F230}.Release|Any CPU.Build.0 = Release|Any CPU
		{EC00EE4A-322F-4D08-A166-49CA29402EDF}.Debug|Any CPU.ActiveCfg = Debug|Any CPU
		{EC00EE4A-322F-4D08-A166-49CA29402EDF}.Debug|Any CPU.Build.0 = Debug|Any CPU
		{EC00EE4A-322F-4D08-A166-49CA29402EDF}.Release|Any CPU.ActiveCfg = Release|Any CPU
		{EC00EE4A-322F-4D08-A166-49CA29402EDF}.Release|Any CPU.Build.0 = Release|Any CPU
		{FC9D739E-52E4-43A8-9ECC-79C18D4D9E65}.Debug|Any CPU.ActiveCfg = Debug|Any CPU
		{FC9D739E-52E4-43A8-9ECC-79C18D4D9E65}.Debug|Any CPU.Build.0 = Debug|Any CPU
		{FC9D739E-52E4-43A8-9ECC-79C18D4D9E65}.Release|Any CPU.ActiveCfg = Release|Any CPU
		{FC9D739E-52E4-43A8-9ECC-79C18D4D9E65}.Release|Any CPU.Build.0 = Release|Any CPU
	EndGlobalSection
	GlobalSection(SolutionProperties) = preSolution
		HideSolutionNode = FALSE
	EndGlobalSection
	GlobalSection(ExtensibilityGlobals) = postSolution
		SolutionGuid = {4FB334D7-3CAE-4083-B9DD-98A4DD42EEBC}
	EndGlobalSection
EndGlobal
